// !$*UTF8*$!
{
	archiveVersion = 1;
	classes = {
	};
	objectVersion = 70;
	objects = {

/* Begin PBXBuildFile section */
		3601A2A828490DDF000D261A /* AppDelegate.swift in Sources */ = {isa = PBXBuildFile; fileRef = 3601A2A728490DDF000D261A /* AppDelegate.swift */; };
		3601A2B128490DDF000D261A /* Assets.xcassets in Resources */ = {isa = PBXBuildFile; fileRef = 3601A2B028490DDF000D261A /* Assets.xcassets */; };
		3601A2B428490DDF000D261A /* LaunchScreen.storyboard in Resources */ = {isa = PBXBuildFile; fileRef = 3601A2B228490DDF000D261A /* LaunchScreen.storyboard */; };
		3601A2BC28494D5D000D261A /* FeedViewController.swift in Sources */ = {isa = PBXBuildFile; fileRef = 3601A2BB28494D5D000D261A /* FeedViewController.swift */; };
		3601A2BE28494E4F000D261A /* ProfileViewController.swift in Sources */ = {isa = PBXBuildFile; fileRef = 3601A2BD28494E4F000D261A /* ProfileViewController.swift */; };
		3601A2C028495339000D261A /* PostViewController.swift in Sources */ = {isa = PBXBuildFile; fileRef = 3601A2BF28495339000D261A /* PostViewController.swift */; };
		3601A2C42849E232000D261A /* InfoViewController.swift in Sources */ = {isa = PBXBuildFile; fileRef = 3601A2C32849E232000D261A /* InfoViewController.swift */; };
		3601A2C7284A776A000D261A /* ProfileHeaderView.swift in Sources */ = {isa = PBXBuildFile; fileRef = 3601A2C6284A776A000D261A /* ProfileHeaderView.swift */; };
		36528E37284F5E3800965BA4 /* LoginViewController.swift in Sources */ = {isa = PBXBuildFile; fileRef = 36528E36284F5E3800965BA4 /* LoginViewController.swift */; };
		36528E39284F700900965BA4 /* ExtensionUIImage.swift in Sources */ = {isa = PBXBuildFile; fileRef = 36528E38284F700900965BA4 /* ExtensionUIImage.swift */; };
		36528E3C284F725E00965BA4 /* LayoutConstants.swift in Sources */ = {isa = PBXBuildFile; fileRef = 36528E3B284F725E00965BA4 /* LayoutConstants.swift */; };
		36528E3F284FDF9100965BA4 /* PostTableViewCell.swift in Sources */ = {isa = PBXBuildFile; fileRef = 36528E3E284FDF9100965BA4 /* PostTableViewCell.swift */; };
		36528E41284FE38C00965BA4 /* ExtensionUIView.swift in Sources */ = {isa = PBXBuildFile; fileRef = 36528E40284FE38C00965BA4 /* ExtensionUIView.swift */; };
		36C5F05C2850B1B1005EFC6C /* PhotosTableViewCell.swift in Sources */ = {isa = PBXBuildFile; fileRef = 36C5F05B2850B1B1005EFC6C /* PhotosTableViewCell.swift */; };
		36C5F05E2850B4A6005EFC6C /* PhotoExamples.swift in Sources */ = {isa = PBXBuildFile; fileRef = 36C5F05D2850B4A6005EFC6C /* PhotoExamples.swift */; };
		36C5F0612850B723005EFC6C /* PhotosViewController.swift in Sources */ = {isa = PBXBuildFile; fileRef = 36C5F0602850B723005EFC6C /* PhotosViewController.swift */; };
		36C5F0632850B7B6005EFC6C /* PhotosCollectionViewCell.swift in Sources */ = {isa = PBXBuildFile; fileRef = 36C5F0622850B7B6005EFC6C /* PhotosCollectionViewCell.swift */; };
		36C5F0652850C9D1005EFC6C /* PostExamples.swift in Sources */ = {isa = PBXBuildFile; fileRef = 36C5F0642850C9D1005EFC6C /* PostExamples.swift */; };
		B52703CE2F81A7DA0017CB93 /* MapViewController.swift in Sources */ = {isa = PBXBuildFile; fileRef = B52703CD2F81A7D60017CB93 /* MapViewController.swift */; };
		B52703D32F82FE270017CB93 /* FeedViewModel.swift in Sources */ = {isa = PBXBuildFile; fileRef = B52703D22F82FE250017CB93 /* FeedViewModel.swift */; };
		B52703D52F82FE7A0017CB93 /* LoginViewModel.swift in Sources */ = {isa = PBXBuildFile; fileRef = B52703D42F82FE790017CB93 /* LoginViewModel.swift */; };
		B52769872EE45C1F00118872 /* StorageService.framework in Frameworks */ = {isa = PBXBuildFile; fileRef = B527697F2EE45C1F00118872 /* StorageService.framework */; };
		B52769882EE45C1F00118872 /* StorageService.framework in Embed Frameworks */ = {isa = PBXBuildFile; fileRef = B527697F2EE45C1F00118872 /* StorageService.framework */; settings = {ATTRIBUTES = (CodeSignOnCopy, RemoveHeadersOnCopy, ); }; };
		B53197232F30E85600189333 /* ProfileViewModel.swift in Sources */ = {isa = PBXBuildFile; fileRef = B53197222F30E85500189333 /* ProfileViewModel.swift */; };
		B54DE0922F2E8E0F00744AEA /* SnapKit in Frameworks */ = {isa = PBXBuildFile; productRef = B54DE0912F2E8E0F00744AEA /* SnapKit */; };
		B54DE0952F2EA7E000744AEA /* iOSIntPackage in Frameworks */ = {isa = PBXBuildFile; productRef = B54DE0942F2EA7E000744AEA /* iOSIntPackage */; };
		B54DE0982F2EBCAF00744AEA /* CustomButton.swift in Sources */ = {isa = PBXBuildFile; fileRef = B54DE0972F2EBCAD00744AEA /* CustomButton.swift */; };
		B570B3C02F4E3171003E4D43 /* Navigation.xcdatamodeld in Sources */ = {isa = PBXBuildFile; fileRef = B570B3BE2F4E3171003E4D43 /* Navigation.xcdatamodeld */; };
		B570B3C22F4E31DF003E4D43 /* CoreDataManager.swift in Sources */ = {isa = PBXBuildFile; fileRef = B570B3C12F4E31DD003E4D43 /* CoreDataManager.swift */; };
		B570B3C42F4E3220003E4D43 /* FavoritesViewController.swift in Sources */ = {isa = PBXBuildFile; fileRef = B570B3C32F4E321F003E4D43 /* FavoritesViewController.swift */; };
		B5C3519A2F4B92E90049B6E4 /* FirebaseAuth in Frameworks */ = {isa = PBXBuildFile; productRef = B5C351992F4B92E90049B6E4 /* FirebaseAuth */; };
		B5C351A32F4B9FC30049B6E4 /* GoogleService-Info.plist in Resources */ = {isa = PBXBuildFile; fileRef = B5C351A22F4B9FC20049B6E4 /* GoogleService-Info.plist */; };
		B5C351A42F4B9FC30049B6E4 /* GoogleService-Info.plist in Resources */ = {isa = PBXBuildFile; fileRef = B5C351A22F4B9FC20049B6E4 /* GoogleService-Info.plist */; };
		B5C8352E2EE48C4A00ECAF30 /* iOSIntPackage in Frameworks */ = {isa = PBXBuildFile; productRef = B5C8352D2EE48C4A00ECAF30 /* iOSIntPackage */; };
/* End PBXBuildFile section */

/* Begin PBXContainerItemProxy section */
		B52703DE2F82FF050017CB93 /* PBXContainerItemProxy */ = {
			isa = PBXContainerItemProxy;
			containerPortal = 3601A29C28490DDF000D261A /* Project object */;
			proxyType = 1;
			remoteGlobalIDString = 3601A2A328490DDF000D261A;
			remoteInfo = Navigation;
		};
		B52769852EE45C1F00118872 /* PBXContainerItemProxy */ = {
			isa = PBXContainerItemProxy;
			containerPortal = 3601A29C28490DDF000D261A /* Project object */;
			proxyType = 1;
			remoteGlobalIDString = B527697E2EE45C1F00118872;
			remoteInfo = StorageService;
		};
/* End PBXContainerItemProxy section */

/* Begin PBXCopyFilesBuildPhase section */
		B52769892EE45C1F00118872 /* Embed Frameworks */ = {
			isa = PBXCopyFilesBuildPhase;
			buildActionMask = 2147483647;
			dstPath = "";
			dstSubfolderSpec = 10;
			files = (
				B52769882EE45C1F00118872 /* StorageService.framework in Embed Frameworks */,
			);
			name = "Embed Frameworks";
			runOnlyForDeploymentPostprocessing = 0;
		};
/* End PBXCopyFilesBuildPhase section */

/* Begin PBXFileReference section */
		3601A2A428490DDF000D261A /* Navigation.app */ = {isa = PBXFileReference; explicitFileType = wrapper.application; includeInIndex = 0; path = Navigation.app; sourceTree = BUILT_PRODUCTS_DIR; };
		3601A2A728490DDF000D261A /* AppDelegate.swift */ = {isa = PBXFileReference; lastKnownFileType = sourcecode.swift; path = AppDelegate.swift; sourceTree = "<group>"; };
		3601A2B028490DDF000D261A /* Assets.xcassets */ = {isa = PBXFileReference; lastKnownFileType = folder.assetcatalog; path = Assets.xcassets; sourceTree = "<group>"; };
		3601A2B328490DDF000D261A /* Base */ = {isa = PBXFileReference; lastKnownFileType = file.storyboard; name = Base; path = Base.lproj/LaunchScreen.storyboard; sourceTree = "<group>"; };
		3601A2B528490DDF000D261A /* Info.plist */ = {isa = PBXFileReference; lastKnownFileType = text.plist.xml; path = Info.plist; sourceTree = "<group>"; };
		3601A2BB28494D5D000D261A /* FeedViewController.swift */ = {isa = PBXFileReference; lastKnownFileType = sourcecode.swift; path = FeedViewController.swift; sourceTree = "<group>"; };
		3601A2BD28494E4F000D261A /* ProfileViewController.swift */ = {isa = PBXFileReference; lastKnownFileType = sourcecode.swift; path = ProfileViewController.swift; sourceTree = "<group>"; };
		3601A2BF28495339000D261A /* PostViewController.swift */ = {isa = PBXFileReference; lastKnownFileType = sourcecode.swift; path = PostViewController.swift; sourceTree = "<group>"; };
		3601A2C32849E232000D261A /* InfoViewController.swift */ = {isa = PBXFileReference; lastKnownFileType = sourcecode.swift; path = InfoViewController.swift; sourceTree = "<group>"; };
		3601A2C6284A776A000D261A /* ProfileHeaderView.swift */ = {isa = PBXFileReference; lastKnownFileType = sourcecode.swift; path = ProfileHeaderView.swift; sourceTree = "<group>"; };
		36528E36284F5E3800965BA4 /* LoginViewController.swift */ = {isa = PBXFileReference; lastKnownFileType = sourcecode.swift; path = LoginViewController.swift; sourceTree = "<group>"; };
		36528E38284F700900965BA4 /* ExtensionUIImage.swift */ = {isa = PBXFileReference; lastKnownFileType = sourcecode.swift; path = ExtensionUIImage.swift; sourceTree = "<group>"; };
		36528E3B284F725E00965BA4 /* LayoutConstants.swift */ = {isa = PBXFileReference; lastKnownFileType = sourcecode.swift; path = LayoutConstants.swift; sourceTree = "<group>"; };
		36528E3E284FDF9100965BA4 /* PostTableViewCell.swift */ = {isa = PBXFileReference; lastKnownFileType = sourcecode.swift; path = PostTableViewCell.swift; sourceTree = "<group>"; };
		36528E40284FE38C00965BA4 /* ExtensionUIView.swift */ = {isa = PBXFileReference; lastKnownFileType = sourcecode.swift; path = ExtensionUIView.swift; sourceTree = "<group>"; };
		36C5F05B2850B1B1005EFC6C /* PhotosTableViewCell.swift */ = {isa = PBXFileReference; lastKnownFileType = sourcecode.swift; path = PhotosTableViewCell.swift; sourceTree = "<group>"; };
		36C5F05D2850B4A6005EFC6C /* PhotoExamples.swift */ = {isa = PBXFileReference; lastKnownFileType = sourcecode.swift; path = PhotoExamples.swift; sourceTree = "<group>"; };
		36C5F0602850B723005EFC6C /* PhotosViewController.swift */ = {isa = PBXFileReference; lastKnownFileType = sourcecode.swift; path = PhotosViewController.swift; sourceTree = "<group>"; };
		36C5F0622850B7B6005EFC6C /* PhotosCollectionViewCell.swift */ = {isa = PBXFileReference; lastKnownFileType = sourcecode.swift; path = PhotosCollectionViewCell.swift; sourceTree = "<group>"; };
		36C5F0642850C9D1005EFC6C /* PostExamples.swift */ = {isa = PBXFileReference; lastKnownFileType = sourcecode.swift; path = PostExamples.swift; sourceTree = "<group>"; };
		B52703CD2F81A7D60017CB93 /* MapViewController.swift */ = {isa = PBXFileReference; lastKnownFileType = sourcecode.swift; path = MapViewController.swift; sourceTree = "<group>"; };
		B52703D22F82FE250017CB93 /* FeedViewModel.swift */ = {isa = PBXFileReference; lastKnownFileType = sourcecode.swift; path = FeedViewModel.swift; sourceTree = "<group>"; };
		B52703D42F82FE790017CB93 /* LoginViewModel.swift */ = {isa = PBXFileReference; lastKnownFileType = sourcecode.swift; path = LoginViewModel.swift; sourceTree = "<group>"; };
		B52703DA2F82FF050017CB93 /* NavigationTests.xctest */ = {isa = PBXFileReference; explicitFileType = wrapper.cfbundle; includeInIndex = 0; path = NavigationTests.xctest; sourceTree = BUILT_PRODUCTS_DIR; };
		B527697F2EE45C1F00118872 /* StorageService.framework */ = {isa = PBXFileReference; explicitFileType = wrapper.framework; includeInIndex = 0; path = StorageService.framework; sourceTree = BUILT_PRODUCTS_DIR; };
		B53197222F30E85500189333 /* ProfileViewModel.swift */ = {isa = PBXFileReference; lastKnownFileType = sourcecode.swift; path = ProfileViewModel.swift; sourceTree = "<group>"; };
		B54DE0972F2EBCAD00744AEA /* CustomButton.swift */ = {isa = PBXFileReference; lastKnownFileType = sourcecode.swift; path = CustomButton.swift; sourceTree = "<group>"; };
		B570B3BF2F4E3171003E4D43 /* Navigation.xcdatamodel */ = {isa = PBXFileReference; lastKnownFileType = wrapper.xcdatamodel; path = Navigation.xcdatamodel; sourceTree = "<group>"; };
		B570B3C12F4E31DD003E4D43 /* CoreDataManager.swift */ = {isa = PBXFileReference; lastKnownFileType = sourcecode.swift; path = CoreDataManager.swift; sourceTree = "<group>"; };
		B570B3C32F4E321F003E4D43 /* FavoritesViewController.swift */ = {isa = PBXFileReference; lastKnownFileType = sourcecode.swift; path = FavoritesViewController.swift; sourceTree = "<group>"; };
		B5C351A22F4B9FC20049B6E4 /* GoogleService-Info.plist */ = {isa = PBXFileReference; lastKnownFileType = text.plist.xml; path = "GoogleService-Info.plist"; sourceTree = "<group>"; };
/* End PBXFileReference section */

/* Begin PBXFileSystemSynchronizedRootGroup section */
		B52703DB2F82FF050017CB93 /* NavigationTests */ = {isa = PBXFileSystemSynchronizedRootGroup; explicitFileTypes = {}; explicitFolders = (); path = NavigationTests; sourceTree = "<group>"; };
		B52769802EE45C1F00118872 /* StorageService */ = {isa = PBXFileSystemSynchronizedRootGroup; explicitFileTypes = {}; explicitFolders = (); path = StorageService; sourceTree = "<group>"; };
		B53197242F31367900189333 /* Coordinators */ = {isa = PBXFileSystemSynchronizedRootGroup; explicitFileTypes = {}; explicitFolders = (); path = Coordinators; sourceTree = "<group>"; };
		B5C8352F2EE4BB8A00ECAF30 /* Models */ = {isa = PBXFileSystemSynchronizedRootGroup; explicitFileTypes = {}; explicitFolders = (); path = Models; sourceTree = "<group>"; };
		B5C835302EE4BB9100ECAF30 /* Services */ = {isa = PBXFileSystemSynchronizedRootGroup; explicitFileTypes = {}; explicitFolders = (); path = Services; sourceTree = "<group>"; };
/* End PBXFileSystemSynchronizedRootGroup section */

/* Begin PBXFrameworksBuildPhase section */
		3601A2A128490DDF000D261A /* Frameworks */ = {
			isa = PBXFrameworksBuildPhase;
			buildActionMask = 2147483647;
			files = (
				B54DE0922F2E8E0F00744AEA /* SnapKit in Frameworks */,
				B5C3519A2F4B92E90049B6E4 /* FirebaseAuth in Frameworks */,
				B5C8352E2EE48C4A00ECAF30 /* iOSIntPackage in Frameworks */,
				B52769872EE45C1F00118872 /* StorageService.framework in Frameworks */,
				B54DE0952F2EA7E000744AEA /* iOSIntPackage in Frameworks */,
			);
			runOnlyForDeploymentPostprocessing = 0;
		};
		B52703D72F82FF050017CB93 /* Frameworks */ = {
			isa = PBXFrameworksBuildPhase;
			buildActionMask = 2147483647;
			files = (
			);
			runOnlyForDeploymentPostprocessing = 0;
		};
		B527697C2EE45C1F00118872 /* Frameworks */ = {
			isa = PBXFrameworksBuildPhase;
			buildActionMask = 2147483647;
			files = (
			);
			runOnlyForDeploymentPostprocessing = 0;
		};
/* End PBXFrameworksBuildPhase section */

/* Begin PBXGroup section */
		3601A29B28490DDF000D261A = {
			isa = PBXGroup;
			children = (
				3601A2A628490DDF000D261A /* Navigation */,
				B52769802EE45C1F00118872 /* StorageService */,
				B52703DB2F82FF050017CB93 /* NavigationTests */,
				3601A2A528490DDF000D261A /* Products */,
				5D795D99C2D50D703CB683AF /* Pods */,
			);
			sourceTree = "<group>";
		};
		3601A2A528490DDF000D261A /* Products */ = {
			isa = PBXGroup;
			children = (
				3601A2A428490DDF000D261A /* Navigation.app */,
				B527697F2EE45C1F00118872 /* StorageService.framework */,
				B52703DA2F82FF050017CB93 /* NavigationTests.xctest */,
			);
			name = Products;
			sourceTree = "<group>";
		};
		3601A2A628490DDF000D261A /* Navigation */ = {
			isa = PBXGroup;
			children = (
				B52703D42F82FE790017CB93 /* LoginViewModel.swift */,
				B52703D22F82FE250017CB93 /* FeedViewModel.swift */,
				B52703CD2F81A7D60017CB93 /* MapViewController.swift */,
				B570B3C32F4E321F003E4D43 /* FavoritesViewController.swift */,
				B570B3C12F4E31DD003E4D43 /* CoreDataManager.swift */,
				B53197242F31367900189333 /* Coordinators */,
				B5C835302EE4BB9100ECAF30 /* Services */,
				B5C8352F2EE4BB8A00ECAF30 /* Models */,
				3601A2A728490DDF000D261A /* AppDelegate.swift */,
				36528E3A284F703400965BA4 /* Library */,
				3601A2C5284A771D000D261A /* Profile */,
				3601A2BB28494D5D000D261A /* FeedViewController.swift */,
				3601A2C32849E232000D261A /* InfoViewController.swift */,
				3601A2B028490DDF000D261A /* Assets.xcassets */,
				3601A2B228490DDF000D261A /* LaunchScreen.storyboard */,
				3601A2B528490DDF000D261A /* Info.plist */,
				B5C351A22F4B9FC20049B6E4 /* GoogleService-Info.plist */,
				B570B3BE2F4E3171003E4D43 /* Navigation.xcdatamodeld */,
			);
			path = Navigation;
			sourceTree = "<group>";
		};
		3601A2C5284A771D000D261A /* Profile */ = {
			isa = PBXGroup;
			children = (
				B53197222F30E85500189333 /* ProfileViewModel.swift */,
				36528E36284F5E3800965BA4 /* LoginViewController.swift */,
				3601A2C6284A776A000D261A /* ProfileHeaderView.swift */,
				3601A2BD28494E4F000D261A /* ProfileViewController.swift */,
				3601A2BF28495339000D261A /* PostViewController.swift */,
				36528E3E284FDF9100965BA4 /* PostTableViewCell.swift */,
				36C5F05B2850B1B1005EFC6C /* PhotosTableViewCell.swift */,
				36C5F0602850B723005EFC6C /* PhotosViewController.swift */,
				36C5F0622850B7B6005EFC6C /* PhotosCollectionViewCell.swift */,
			);
			path = Profile;
			sourceTree = "<group>";
		};
		36528E3A284F703400965BA4 /* Library */ = {
			isa = PBXGroup;
			children = (
				B54DE0972F2EBCAD00744AEA /* CustomButton.swift */,
				36528E38284F700900965BA4 /* ExtensionUIImage.swift */,
				36528E40284FE38C00965BA4 /* ExtensionUIView.swift */,
				36528E3B284F725E00965BA4 /* LayoutConstants.swift */,
				36C5F05D2850B4A6005EFC6C /* PhotoExamples.swift */,
				36C5F0642850C9D1005EFC6C /* PostExamples.swift */,
			);
			path = Library;
			sourceTree = "<group>";
		};
		5D795D99C2D50D703CB683AF /* Pods */ = {
			isa = PBXGroup;
			children = (
			);
			path = Pods;
			sourceTree = "<group>";
		};
/* End PBXGroup section */

/* Begin PBXHeadersBuildPhase section */
		B527697A2EE45C1F00118872 /* Headers */ = {
			isa = PBXHeadersBuildPhase;
			buildActionMask = 2147483647;
			files = (
			);
			runOnlyForDeploymentPostprocessing = 0;
		};
/* End PBXHeadersBuildPhase section */

/* Begin PBXNativeTarget section */
		3601A2A328490DDF000D261A /* Navigation */ = {
			isa = PBXNativeTarget;
			buildConfigurationList = 3601A2B828490DDF000D261A /* Build configuration list for PBXNativeTarget "Navigation" */;
			buildPhases = (
				3601A2A028490DDF000D261A /* Sources */,
				3601A2A128490DDF000D261A /* Frameworks */,
				3601A2A228490DDF000D261A /* Resources */,
				B52769892EE45C1F00118872 /* Embed Frameworks */,
			);
			buildRules = (
			);
			dependencies = (
				B52769862EE45C1F00118872 /* PBXTargetDependency */,
			);
			fileSystemSynchronizedGroups = (
				B53197242F31367900189333 /* Coordinators */,
				B5C8352F2EE4BB8A00ECAF30 /* Models */,
				B5C835302EE4BB9100ECAF30 /* Services */,
			);
			name = Navigation;
			productName = Navigation;
			productReference = 3601A2A428490DDF000D261A /* Navigation.app */;
			productType = "com.apple.product-type.application";
		};
		B52703D92F82FF050017CB93 /* NavigationTests */ = {
			isa = PBXNativeTarget;
			buildConfigurationList = B52703E02F82FF050017CB93 /* Build configuration list for PBXNativeTarget "NavigationTests" */;
			buildPhases = (
				B52703D62F82FF050017CB93 /* Sources */,
				B52703D72F82FF050017CB93 /* Frameworks */,
				B52703D82F82FF050017CB93 /* Resources */,
			);
			buildRules = (
			);
			dependencies = (
				B52703DF2F82FF050017CB93 /* PBXTargetDependency */,
			);
			fileSystemSynchronizedGroups = (
				B52703DB2F82FF050017CB93 /* NavigationTests */,
			);
			name = NavigationTests;
			packageProductDependencies = (
			);
			productName = NavigationTests;
			productReference = B52703DA2F82FF050017CB93 /* NavigationTests.xctest */;
			productType = "com.apple.product-type.bundle.unit-test";
		};
		B527697E2EE45C1F00118872 /* StorageService */ = {
			isa = PBXNativeTarget;
			buildConfigurationList = B527698C2EE45C1F00118872 /* Build configuration list for PBXNativeTarget "StorageService" */;
			buildPhases = (
				B527697A2EE45C1F00118872 /* Headers */,
				B527697B2EE45C1F00118872 /* Sources */,
				B527697C2EE45C1F00118872 /* Frameworks */,
				B527697D2EE45C1F00118872 /* Resources */,
			);
			buildRules = (
			);
			dependencies = (
			);
			fileSystemSynchronizedGroups = (
				B52769802EE45C1F00118872 /* StorageService */,
			);
			name = StorageService;
			productName = StorageService;
			productReference = B527697F2EE45C1F00118872 /* StorageService.framework */;
			productType = "com.apple.product-type.framework";
		};
/* End PBXNativeTarget section */

/* Begin PBXProject section */
		3601A29C28490DDF000D261A /* Project object */ = {
			isa = PBXProject;
			attributes = {
				BuildIndependentTargetsInParallel = 1;
				LastSwiftUpdateCheck = 2620;
				LastUpgradeCheck = 1330;
				TargetAttributes = {
					3601A2A328490DDF000D261A = {
						CreatedOnToolsVersion = 13.3.1;
					};
					B52703D92F82FF050017CB93 = {
						CreatedOnToolsVersion = 26.2;
						TestTargetID = 3601A2A328490DDF000D261A;
					};
					B527697E2EE45C1F00118872 = {
						CreatedOnToolsVersion = 26.0;
					};
				};
			};
			buildConfigurationList = 3601A29F28490DDF000D261A /* Build configuration list for PBXProject "Navigation" */;
			compatibilityVersion = "Xcode 13.0";
			developmentRegion = en;
			hasScannedForEncodings = 0;
			knownRegions = (
				en,
				Base,
			);
			mainGroup = 3601A29B28490DDF000D261A;
			packageReferences = (
				B54DE0902F2E8E0F00744AEA /* XCRemoteSwiftPackageReference "SnapKit" */,
				B54DE0932F2EA7E000744AEA /* XCRemoteSwiftPackageReference "iOSIntPackage" */,
				B5C351982F4B92E90049B6E4 /* XCRemoteSwiftPackageReference "firebase-ios-sdk" */,
			);
			productRefGroup = 3601A2A528490DDF000D261A /* Products */;
			projectDirPath = "";
			projectRoot = "";
			targets = (
				3601A2A328490DDF000D261A /* Navigation */,
				B527697E2EE45C1F00118872 /* StorageService */,
				B52703D92F82FF050017CB93 /* NavigationTests */,
			);
		};
/* End PBXProject section */

/* Begin PBXResourcesBuildPhase section */
		3601A2A228490DDF000D261A /* Resources */ = {
			isa = PBXResourcesBuildPhase;
			buildActionMask = 2147483647;
			files = (
				3601A2B428490DDF000D261A /* LaunchScreen.storyboard in Resources */,
				3601A2B128490DDF000D261A /* Assets.xcassets in Resources */,
				B5C351A32F4B9FC30049B6E4 /* GoogleService-Info.plist in Resources */,
			);
			runOnlyForDeploymentPostprocessing = 0;
		};
		B52703D82F82FF050017CB93 /* Resources */ = {
			isa = PBXResourcesBuildPhase;
			buildActionMask = 2147483647;
			files = (
			);
			runOnlyForDeploymentPostprocessing = 0;
		};
		B527697D2EE45C1F00118872 /* Resources */ = {
			isa = PBXResourcesBuildPhase;
			buildActionMask = 2147483647;
			files = (
				B5C351A42F4B9FC30049B6E4 /* GoogleService-Info.plist in Resources */,
			);
			runOnlyForDeploymentPostprocessing = 0;
		};
/* End PBXResourcesBuildPhase section */

/* Begin PBXSourcesBuildPhase section */
		3601A2A028490DDF000D261A /* Sources */ = {
			isa = PBXSourcesBuildPhase;
			buildActionMask = 2147483647;
			files = (
				B52703CE2F81A7DA0017CB93 /* MapViewController.swift in Sources */,
				B54DE0982F2EBCAF00744AEA /* CustomButton.swift in Sources */,
				36528E3F284FDF9100965BA4 /* PostTableViewCell.swift in Sources */,
				3601A2BC28494D5D000D261A /* FeedViewController.swift in Sources */,
				3601A2BE28494E4F000D261A /* ProfileViewController.swift in Sources */,
				B52703D32F82FE270017CB93 /* FeedViewModel.swift in Sources */,
				3601A2A828490DDF000D261A /* AppDelegate.swift in Sources */,
				3601A2C028495339000D261A /* PostViewController.swift in Sources */,
				B570B3C42F4E3220003E4D43 /* FavoritesViewController.swift in Sources */,
				B52703D52F82FE7A0017CB93 /* LoginViewModel.swift in Sources */,
				B53197232F30E85600189333 /* ProfileViewModel.swift in Sources */,
				36528E37284F5E3800965BA4 /* LoginViewController.swift in Sources */,
				36528E41284FE38C00965BA4 /* ExtensionUIView.swift in Sources */,
				B570B3C22F4E31DF003E4D43 /* CoreDataManager.swift in Sources */,
				36C5F05E2850B4A6005EFC6C /* PhotoExamples.swift in Sources */,
				3601A2C7284A776A000D261A /* ProfileHeaderView.swift in Sources */,
				36C5F0652850C9D1005EFC6C /* PostExamples.swift in Sources */,
				36C5F0612850B723005EFC6C /* PhotosViewController.swift in Sources */,
				B570B3C02F4E3171003E4D43 /* Navigation.xcdatamodeld in Sources */,
				36528E39284F700900965BA4 /* ExtensionUIImage.swift in Sources */,
				36C5F05C2850B1B1005EFC6C /* PhotosTableViewCell.swift in Sources */,
				3601A2C42849E232000D261A /* InfoViewController.swift in Sources */,
				36C5F0632850B7B6005EFC6C /* PhotosCollectionViewCell.swift in Sources */,
				36528E3C284F725E00965BA4 /* LayoutConstants.swift in Sources */,
			);
			runOnlyForDeploymentPostprocessing = 0;
		};
		B52703D62F82FF050017CB93 /* Sources */ = {
			isa = PBXSourcesBuildPhase;
			buildActionMask = 2147483647;
			files = (
			);
			runOnlyForDeploymentPostprocessing = 0;
		};
		B527697B2EE45C1F00118872 /* Sources */ = {
			isa = PBXSourcesBuildPhase;
			buildActionMask = 2147483647;
			files = (
			);
			runOnlyForDeploymentPostprocessing = 0;
		};
/* End PBXSourcesBuildPhase section */

/* Begin PBXTargetDependency section */
		B52703DF2F82FF050017CB93 /* PBXTargetDependency */ = {
			isa = PBXTargetDependency;
			target = 3601A2A328490DDF000D261A /* Navigation */;
			targetProxy = B52703DE2F82FF050017CB93 /* PBXContainerItemProxy */;
		};
		B52769862EE45C1F00118872 /* PBXTargetDependency */ = {
			isa = PBXTargetDependency;
			target = B527697E2EE45C1F00118872 /* StorageService */;
			targetProxy = B52769852EE45C1F00118872 /* PBXContainerItemProxy */;
		};
/* End PBXTargetDependency section */

/* Begin PBXVariantGroup section */
		3601A2B228490DDF000D261A /* LaunchScreen.storyboard */ = {
			isa = PBXVariantGroup;
			children = (
				3601A2B328490DDF000D261A /* Base */,
			);
			name = LaunchScreen.storyboard;
			sourceTree = "<group>";
		};
/* End PBXVariantGroup section */

/* Begin XCBuildConfiguration section */
		3601A2B628490DDF000D261A /* Debug */ = {
			isa = XCBuildConfiguration;
			buildSettings = {
				ALWAYS_SEARCH_USER_PATHS = NO;
				CLANG_ANALYZER_NONNULL = YES;
				CLANG_ANALYZER_NUMBER_OBJECT_CONVERSION = YES_AGGRESSIVE;
				CLANG_CXX_LANGUAGE_STANDARD = "gnu++17";
				CLANG_ENABLE_MODULES = YES;
				CLANG_ENABLE_OBJC_ARC = YES;
				CLANG_ENABLE_OBJC_WEAK = YES;
				CLANG_WARN_BLOCK_CAPTURE_AUTORELEASING = YES;
				CLANG_WARN_BOOL_CONVERSION = YES;
				CLANG_WARN_COMMA = YES;
				CLANG_WARN_CONSTANT_CONVERSION = YES;
				CLANG_WARN_DEPRECATED_OBJC_IMPLEMENTATIONS = YES;
				CLANG_WARN_DIRECT_OBJC_ISA_USAGE = YES_ERROR;
				CLANG_WARN_DOCUMENTATION_COMMENTS = YES;
				CLANG_WARN_EMPTY_BODY = YES;
				CLANG_WARN_ENUM_CONVERSION = YES;
				CLANG_WARN_INFINITE_RECURSION = YES;
				CLANG_WARN_INT_CONVERSION = YES;
				CLANG_WARN_NON_LITERAL_NULL_CONVERSION = YES;
				CLANG_WARN_OBJC_IMPLICIT_RETAIN_SELF = YES;
				CLANG_WARN_OBJC_LITERAL_CONVERSION = YES;
				CLANG_WARN_OBJC_ROOT_CLASS = YES_ERROR;
				CLANG_WARN_QUOTED_INCLUDE_IN_FRAMEWORK_HEADER = YES;
				CLANG_WARN_RANGE_LOOP_ANALYSIS = YES;
				CLANG_WARN_STRICT_PROTOTYPES = YES;
				CLANG_WARN_SUSPICIOUS_MOVE = YES;
				CLANG_WARN_UNGUARDED_AVAILABILITY = YES_AGGRESSIVE;
				CLANG_WARN_UNREACHABLE_CODE = YES;
				CLANG_WARN__DUPLICATE_METHOD_MATCH = YES;
				COPY_PHASE_STRIP = NO;
				DEBUG_INFORMATION_FORMAT = dwarf;
				ENABLE_STRICT_OBJC_MSGSEND = YES;
				ENABLE_TESTABILITY = YES;
				GCC_C_LANGUAGE_STANDARD = gnu11;
				GCC_DYNAMIC_NO_PIC = NO;
				GCC_NO_COMMON_BLOCKS = YES;
				GCC_OPTIMIZATION_LEVEL = 0;
				GCC_PREPROCESSOR_DEFINITIONS = (
					"DEBUG=1",
					"$(inherited)",
				);
				GCC_WARN_64_TO_32_BIT_CONVERSION = YES;
				GCC_WARN_ABOUT_RETURN_TYPE = YES_ERROR;
				GCC_WARN_UNDECLARED_SELECTOR = YES;
				GCC_WARN_UNINITIALIZED_AUTOS = YES_AGGRESSIVE;
				GCC_WARN_UNUSED_FUNCTION = YES;
				GCC_WARN_UNUSED_VARIABLE = YES;
				IPHONEOS_DEPLOYMENT_TARGET = 15.0;
				MTL_ENABLE_DEBUG_INFO = INCLUDE_SOURCE;
				MTL_FAST_MATH = YES;
				ONLY_ACTIVE_ARCH = YES;
				SDKROOT = iphoneos;
				SWIFT_ACTIVE_COMPILATION_CONDITIONS = DEBUG;
				SWIFT_OPTIMIZATION_LEVEL = "-Onone";
			};
			name = Debug;
		};
		3601A2B728490DDF000D261A /* Release */ = {
			isa = XCBuildConfiguration;
			buildSettings = {
				ALWAYS_SEARCH_USER_PATHS = NO;
				CLANG_ANALYZER_NONNULL = YES;
				CLANG_ANALYZER_NUMBER_OBJECT_CONVERSION = YES_AGGRESSIVE;
				CLANG_CXX_LANGUAGE_STANDARD = "gnu++17";
				CLANG_ENABLE_MODULES = YES;
				CLANG_ENABLE_OBJC_ARC = YES;
				CLANG_ENABLE_OBJC_WEAK = YES;
				CLANG_WARN_BLOCK_CAPTURE_AUTORELEASING = YES;
				CLANG_WARN_BOOL_CONVERSION = YES;
				CLANG_WARN_COMMA = YES;
				CLANG_WARN_CONSTANT_CONVERSION = YES;
				CLANG_WARN_DEPRECATED_OBJC_IMPLEMENTATIONS = YES;
				CLANG_WARN_DIRECT_OBJC_ISA_USAGE = YES_ERROR;
				CLANG_WARN_DOCUMENTATION_COMMENTS = YES;
				CLANG_WARN_EMPTY_BODY = YES;
				CLANG_WARN_ENUM_CONVERSION = YES;
				CLANG_WARN_INFINITE_RECURSION = YES;
				CLANG_WARN_INT_CONVERSION = YES;
				CLANG_WARN_NON_LITERAL_NULL_CONVERSION = YES;
				CLANG_WARN_OBJC_IMPLICIT_RETAIN_SELF = YES;
				CLANG_WARN_OBJC_LITERAL_CONVERSION = YES;
				CLANG_WARN_OBJC_ROOT_CLASS = YES_ERROR;
				CLANG_WARN_QUOTED_INCLUDE_IN_FRAMEWORK_HEADER = YES;
				CLANG_WARN_RANGE_LOOP_ANALYSIS = YES;
				CLANG_WARN_STRICT_PROTOTYPES = YES;
				CLANG_WARN_SUSPICIOUS_MOVE = YES;
				CLANG_WARN_UNGUARDED_AVAILABILITY = YES_AGGRESSIVE;
				CLANG_WARN_UNREACHABLE_CODE = YES;
				CLANG_WARN__DUPLICATE_METHOD_MATCH = YES;
				COPY_PHASE_STRIP = NO;
				DEBUG_INFORMATION_FORMAT = "dwarf-with-dsym";
				ENABLE_NS_ASSERTIONS = NO;
				ENABLE_STRICT_OBJC_MSGSEND = YES;
				GCC_C_LANGUAGE_STANDARD = gnu11;
				GCC_NO_COMMON_BLOCKS = YES;
				GCC_WARN_64_TO_32_BIT_CONVERSION = YES;
				GCC_WARN_ABOUT_RETURN_TYPE = YES_ERROR;
				GCC_WARN_UNDECLARED_SELECTOR = YES;
				GCC_WARN_UNINITIALIZED_AUTOS = YES_AGGRESSIVE;
				GCC_WARN_UNUSED_FUNCTION = YES;
				GCC_WARN_UNUSED_VARIABLE = YES;
				IPHONEOS_DEPLOYMENT_TARGET = 15.0;
				MTL_ENABLE_DEBUG_INFO = NO;
				MTL_FAST_MATH = YES;
				SDKROOT = iphoneos;
				SWIFT_COMPILATION_MODE = wholemodule;
				SWIFT_OPTIMIZATION_LEVEL = "-O";
				VALIDATE_PRODUCT = YES;
			};
			name = Release;
		};
		3601A2B928490DDF000D261A /* Debug */ = {
			isa = XCBuildConfiguration;
			buildSettings = {
				ASSETCATALOG_COMPILER_APPICON_NAME = AppIcon;
				ASSETCATALOG_COMPILER_GLOBAL_ACCENT_COLOR_NAME = AccentColor;
				CODE_SIGN_IDENTITY = "Apple Development";
				CODE_SIGN_STYLE = Automatic;
				CURRENT_PROJECT_VERSION = 1;
				DEVELOPMENT_TEAM = KSSD7A7UK6;
				GENERATE_INFOPLIST_FILE = YES;
				INFOPLIST_FILE = Navigation/Info.plist;
				INFOPLIST_KEY_UIApplicationSupportsIndirectInputEvents = YES;
				INFOPLIST_KEY_UILaunchStoryboardName = LaunchScreen;
				INFOPLIST_KEY_UISupportedInterfaceOrientations = UIInterfaceOrientationPortrait;
				INFOPLIST_KEY_UISupportedInterfaceOrientations_iPhone = UIInterfaceOrientationPortrait;
				IPHONEOS_DEPLOYMENT_TARGET = 15.6;
				LD_RUNPATH_SEARCH_PATHS = (
					"$(inherited)",
					"@executable_path/Frameworks",
				);
				MARKETING_VERSION = 1.0;
				OTHER_LDFLAGS = "-ObjC";
				OTHER_SWIFT_FLAGS = "$(inherited)";
				PRODUCT_BUNDLE_IDENTIFIER = only.one.Navigation;
				PRODUCT_NAME = "$(TARGET_NAME)";
				PROVISIONING_PROFILE_SPECIFIER = "";
				SWIFT_EMIT_LOC_STRINGS = YES;
				SWIFT_VERSION = 5.0;
				TARGETED_DEVICE_FAMILY = 1;
			};
			name = Debug;
		};
		3601A2BA28490DDF000D261A /* Release */ = {
			isa = XCBuildConfiguration;
			buildSettings = {
				ASSETCATALOG_COMPILER_APPICON_NAME = AppIcon;
				ASSETCATALOG_COMPILER_GLOBAL_ACCENT_COLOR_NAME = AccentColor;
				CODE_SIGN_IDENTITY = "Apple Development";
				CODE_SIGN_STYLE = Automatic;
				CURRENT_PROJECT_VERSION = 1;
				DEVELOPMENT_TEAM = KSSD7A7UK6;
				GENERATE_INFOPLIST_FILE = YES;
				INFOPLIST_FILE = Navigation/Info.plist;
				INFOPLIST_KEY_UIApplicationSupportsIndirectInputEvents = YES;
				INFOPLIST_KEY_UILaunchStoryboardName = LaunchScreen;
				INFOPLIST_KEY_UISupportedInterfaceOrientations = UIInterfaceOrientationPortrait;
				INFOPLIST_KEY_UISupportedInterfaceOrientations_iPhone = UIInterfaceOrientationPortrait;
				IPHONEOS_DEPLOYMENT_TARGET = 15.6;
				LD_RUNPATH_SEARCH_PATHS = (
					"$(inherited)",
					"@executable_path/Frameworks",
				);
				MARKETING_VERSION = 1.0;
				OTHER_LDFLAGS = "-ObjC";
				OTHER_SWIFT_FLAGS = "$(inherited)";
				PRODUCT_BUNDLE_IDENTIFIER = only.one.Navigation;
				PRODUCT_NAME = "$(TARGET_NAME)";
				PROVISIONING_PROFILE_SPECIFIER = "";
				SWIFT_EMIT_LOC_STRINGS = YES;
				SWIFT_VERSION = 5.0;
				TARGETED_DEVICE_FAMILY = 1;
			};
			name = Release;
		};
		B52703E12F82FF050017CB93 /* Debug */ = {
			isa = XCBuildConfiguration;
			buildSettings = {
				ASSETCATALOG_COMPILER_GENERATE_SWIFT_ASSET_SYMBOL_EXTENSIONS = YES;
				BUNDLE_LOADER = "$(TEST_HOST)";
				CLANG_CXX_LANGUAGE_STANDARD = "gnu++20";
				CODE_SIGN_STYLE = Automatic;
				CURRENT_PROJECT_VERSION = 1;
				DEVELOPMENT_TEAM = KSSD7A7UK6;
				ENABLE_USER_SCRIPT_SANDBOXING = YES;
				GCC_C_LANGUAGE_STANDARD = gnu17;
				GENERATE_INFOPLIST_FILE = YES;
				IPHONEOS_DEPLOYMENT_TARGET = 15.6;
				LOCALIZATION_PREFERS_STRING_CATALOGS = YES;
				MARKETING_VERSION = 1.0;
				PRODUCT_BUNDLE_IDENTIFIER = com.kirill.NavigationTests;
				PRODUCT_NAME = "$(TARGET_NAME)";
				STRING_CATALOG_GENERATE_SYMBOLS = NO;
				SWIFT_ACTIVE_COMPILATION_CONDITIONS = "DEBUG $(inherited)";
				SWIFT_APPROACHABLE_CONCURRENCY = YES;
				SWIFT_EMIT_LOC_STRINGS = NO;
				SWIFT_UPCOMING_FEATURE_MEMBER_IMPORT_VISIBILITY = YES;
				SWIFT_VERSION = 5.0;
				TARGETED_DEVICE_FAMILY = "1,2";
				TEST_HOST = "$(BUILT_PRODUCTS_DIR)/Navigation.app/$(BUNDLE_EXECUTABLE_FOLDER_PATH)/Navigation";
			};
			name = Debug;
		};
		B52703E22F82FF050017CB93 /* Release */ = {
			isa = XCBuildConfiguration;
			buildSettings = {
				ASSETCATALOG_COMPILER_GENERATE_SWIFT_ASSET_SYMBOL_EXTENSIONS = YES;
				BUNDLE_LOADER = "$(TEST_HOST)";
				CLANG_CXX_LANGUAGE_STANDARD = "gnu++20";
				CODE_SIGN_STYLE = Automatic;
				CURRENT_PROJECT_VERSION = 1;
				DEVELOPMENT_TEAM = KSSD7A7UK6;
				ENABLE_USER_SCRIPT_SANDBOXING = YES;
				GCC_C_LANGUAGE_STANDARD = gnu17;
				GENERATE_INFOPLIST_FILE = YES;
				IPHONEOS_DEPLOYMENT_TARGET = 15.6;
				LOCALIZATION_PREFERS_STRING_CATALOGS = YES;
				MARKETING_VERSION = 1.0;
				PRODUCT_BUNDLE_IDENTIFIER = com.kirill.NavigationTests;
				PRODUCT_NAME = "$(TARGET_NAME)";
				STRING_CATALOG_GENERATE_SYMBOLS = NO;
				SWIFT_APPROACHABLE_CONCURRENCY = YES;
				SWIFT_EMIT_LOC_STRINGS = NO;
				SWIFT_UPCOMING_FEATURE_MEMBER_IMPORT_VISIBILITY = YES;
				SWIFT_VERSION = 5.0;
				TARGETED_DEVICE_FAMILY = "1,2";
				TEST_HOST = "$(BUILT_PRODUCTS_DIR)/Navigation.app/$(BUNDLE_EXECUTABLE_FOLDER_PATH)/Navigation";
			};
			name = Release;
		};
		B527698A2EE45C1F00118872 /* Debug */ = {
			isa = XCBuildConfiguration;
			buildSettings = {
				ASSETCATALOG_COMPILER_GENERATE_SWIFT_ASSET_SYMBOL_EXTENSIONS = YES;
				BUILD_LIBRARY_FOR_DISTRIBUTION = YES;
				CLANG_CXX_LANGUAGE_STANDARD = "gnu++20";
				CODE_SIGN_IDENTITY = "Apple Development";
				CODE_SIGN_STYLE = Automatic;
				CURRENT_PROJECT_VERSION = 1;
				DEVELOPMENT_TEAM = "";
				DYLIB_COMPATIBILITY_VERSION = 1;
				DYLIB_CURRENT_VERSION = 1;
				DYLIB_INSTALL_NAME_BASE = "@rpath";
				ENABLE_MODULE_VERIFIER = YES;
				ENABLE_USER_SCRIPT_SANDBOXING = YES;
				GCC_C_LANGUAGE_STANDARD = gnu17;
				GENERATE_INFOPLIST_FILE = YES;
				INFOPLIST_KEY_NSHumanReadableCopyright = "";
				INSTALL_PATH = "$(LOCAL_LIBRARY_DIR)/Frameworks";
				IPHONEOS_DEPLOYMENT_TARGET = 15.6;
				LD_RUNPATH_SEARCH_PATHS = (
					"$(inherited)",
					"@executable_path/Frameworks",
					"@loader_path/Frameworks",
				);
				LOCALIZATION_PREFERS_STRING_CATALOGS = YES;
				MARKETING_VERSION = 1.0;
				MODULE_VERIFIER_SUPPORTED_LANGUAGES = "objective-c objective-c++";
				MODULE_VERIFIER_SUPPORTED_LANGUAGE_STANDARDS = "gnu17 gnu++20";
				PRODUCT_BUNDLE_IDENTIFIER = Panichkin.StorageService;
				PRODUCT_NAME = "$(TARGET_NAME:c99extidentifier)";
				SKIP_INSTALL = YES;
				STRING_CATALOG_GENERATE_SYMBOLS = YES;
				SWIFT_ACTIVE_COMPILATION_CONDITIONS = "DEBUG $(inherited)";
				SWIFT_EMIT_LOC_STRINGS = YES;
				SWIFT_INSTALL_MODULE = YES;
				SWIFT_INSTALL_OBJC_HEADER = NO;
				SWIFT_UPCOMING_FEATURE_MEMBER_IMPORT_VISIBILITY = YES;
				SWIFT_VERSION = 5.0;
				TARGETED_DEVICE_FAMILY = "1,2";
				VERSIONING_SYSTEM = "apple-generic";
				VERSION_INFO_PREFIX = "";
			};
			name = Debug;
		};
		B527698B2EE45C1F00118872 /* Release */ = {
			isa = XCBuildConfiguration;
			buildSettings = {
				ASSETCATALOG_COMPILER_GENERATE_SWIFT_ASSET_SYMBOL_EXTENSIONS = YES;
				BUILD_LIBRARY_FOR_DISTRIBUTION = YES;
				CLANG_CXX_LANGUAGE_STANDARD = "gnu++20";
				CODE_SIGN_IDENTITY = "Apple Development";
				CODE_SIGN_STYLE = Automatic;
				CURRENT_PROJECT_VERSION = 1;
				DEVELOPMENT_TEAM = "";
				DYLIB_COMPATIBILITY_VERSION = 1;
				DYLIB_CURRENT_VERSION = 1;
				DYLIB_INSTALL_NAME_BASE = "@rpath";
				ENABLE_MODULE_VERIFIER = YES;
				ENABLE_USER_SCRIPT_SANDBOXING = YES;
				GCC_C_LANGUAGE_STANDARD = gnu17;
				GENERATE_INFOPLIST_FILE = YES;
				INFOPLIST_KEY_NSHumanReadableCopyright = "";
				INSTALL_PATH = "$(LOCAL_LIBRARY_DIR)/Frameworks";
				IPHONEOS_DEPLOYMENT_TARGET = 15.6;
				LD_RUNPATH_SEARCH_PATHS = (
					"$(inherited)",
					"@executable_path/Frameworks",
					"@loader_path/Frameworks",
				);
				LOCALIZATION_PREFERS_STRING_CATALOGS = YES;
				MARKETING_VERSION = 1.0;
				MODULE_VERIFIER_SUPPORTED_LANGUAGES = "objective-c objective-c++";
				MODULE_VERIFIER_SUPPORTED_LANGUAGE_STANDARDS = "gnu17 gnu++20";
				PRODUCT_BUNDLE_IDENTIFIER = Panichkin.StorageService;
				PRODUCT_NAME = "$(TARGET_NAME:c99extidentifier)";
				SKIP_INSTALL = YES;
				STRING_CATALOG_GENERATE_SYMBOLS = YES;
				SWIFT_EMIT_LOC_STRINGS = YES;
				SWIFT_INSTALL_MODULE = YES;
				SWIFT_INSTALL_OBJC_HEADER = NO;
				SWIFT_UPCOMING_FEATURE_MEMBER_IMPORT_VISIBILITY = YES;
				SWIFT_VERSION = 5.0;
				TARGETED_DEVICE_FAMILY = "1,2";
				VERSIONING_SYSTEM = "apple-generic";
				VERSION_INFO_PREFIX = "";
			};
			name = Release;
		};
/* End XCBuildConfiguration section */

/* Begin XCConfigurationList section */
		3601A29F28490DDF000D261A /* Build configuration list for PBXProject "Navigation" */ = {
			isa = XCConfigurationList;
			buildConfigurations = (
				3601A2B628490DDF000D261A /* Debug */,
				3601A2B728490DDF000D261A /* Release */,
			);
			defaultConfigurationIsVisible = 0;
			defaultConfigurationName = Release;
		};
		3601A2B828490DDF000D261A /* Build configuration list for PBXNativeTarget "Navigation" */ = {
			isa = XCConfigurationList;
			buildConfigurations = (
				3601A2B928490DDF000D261A /* Debug */,
				3601A2BA28490DDF000D261A /* Release */,
			);
			defaultConfigurationIsVisible = 0;
			defaultConfigurationName = Release;
		};
		B52703E02F82FF050017CB93 /* Build configuration list for PBXNativeTarget "NavigationTests" */ = {
			isa = XCConfigurationList;
			buildConfigurations = (
				B52703E12F82FF050017CB93 /* Debug */,
				B52703E22F82FF050017CB93 /* Release */,
			);
			defaultConfigurationIsVisible = 0;
			defaultConfigurationName = Release;
		};
		B527698C2EE45C1F00118872 /* Build configuration list for PBXNativeTarget "StorageService" */ = {
			isa = XCConfigurationList;
			buildConfigurations = (
				B527698A2EE45C1F00118872 /* Debug */,
				B527698B2EE45C1F00118872 /* Release */,
			);
			defaultConfigurationIsVisible = 0;
			defaultConfigurationName = Release;
		};
/* End XCConfigurationList section */

/* Begin XCRemoteSwiftPackageReference section */
		B54DE0902F2E8E0F00744AEA /* XCRemoteSwiftPackageReference "SnapKit" */ = {
			isa = XCRemoteSwiftPackageReference;
			repositoryURL = "https://github.com/SnapKit/SnapKit.git";
			requirement = {
				kind = upToNextMajorVersion;
				minimumVersion = 5.7.1;
			};
		};
		B54DE0932F2EA7E000744AEA /* XCRemoteSwiftPackageReference "iOSIntPackage" */ = {
			isa = XCRemoteSwiftPackageReference;
			repositoryURL = "https://github.com/TrueMax/iOSIntPackage";
			requirement = {
				branch = imagepublisher;
				kind = branch;
			};
		};
		B5C351982F4B92E90049B6E4 /* XCRemoteSwiftPackageReference "firebase-ios-sdk" */ = {
			isa = XCRemoteSwiftPackageReference;
			repositoryURL = "https://github.com/firebase/firebase-ios-sdk";
			requirement = {
				kind = upToNextMajorVersion;
				minimumVersion = 12.9.0;
			};
		};
		B5C8352C2EE48C4A00ECAF30 /* XCRemoteSwiftPackageReference "iOSIntPackage" */ = {
			isa = XCRemoteSwiftPackageReference;
			repositoryURL = "https://github.com/TrueMax/iOSIntPackage";
			requirement = {
				kind = upToNextMajorVersion;
				minimumVersion = 1.0.0;
			};
		};
/* End XCRemoteSwiftPackageReference section */

/* Begin XCSwiftPackageProductDependency section */
		B54DE0912F2E8E0F00744AEA /* SnapKit */ = {
			isa = XCSwiftPackageProductDependency;
			package = B54DE0902F2E8E0F00744AEA /* XCRemoteSwiftPackageReference "SnapKit" */;
			productName = SnapKit;
		};
		B54DE0942F2EA7E000744AEA /* iOSIntPackage */ = {
			isa = XCSwiftPackageProductDependency;
			package = B54DE0932F2EA7E000744AEA /* XCRemoteSwiftPackageReference "iOSIntPackage" */;
			productName = iOSIntPackage;
		};
		B5C351992F4B92E90049B6E4 /* FirebaseAuth */ = {
			isa = XCSwiftPackageProductDependency;
			package = B5C351982F4B92E90049B6E4 /* XCRemoteSwiftPackageReference "firebase-ios-sdk" */;
			productName = FirebaseAuth;
		};
		B5C8352D2EE48C4A00ECAF30 /* iOSIntPackage */ = {
			isa = XCSwiftPackageProductDependency;
			package = B5C8352C2EE48C4A00ECAF30 /* XCRemoteSwiftPackageReference "iOSIntPackage" */;
			productName = iOSIntPackage;
		};
/* End XCSwiftPackageProductDependency section */

/* Begin XCVersionGroup section */
		B570B3BE2F4E3171003E4D43 /* Navigation.xcdatamodeld */ = {
			isa = XCVersionGroup;
			children = (
				B570B3BF2F4E3171003E4D43 /* Navigation.xcdatamodel */,
			);
			currentVersion = B570B3BF2F4E3171003E4D43 /* Navigation.xcdatamodel */;
			path = Navigation.xcdatamodeld;
			sourceTree = "<group>";
			versionGroupType = wrapper.xcdatamodel;
		};
/* End XCVersionGroup section */
	};
	rootObject = 3601A29C28490DDF000D261A /* Project object */;
}
